
Microsoft Visual Studio Solution File, Format Version 12.00
# Visual Studio Version 16
VisualStudioVersion = 16.0.29519.87
MinimumVisualStudioVersion = 10.0.40219.1
Project("{FAE04EC0-301F-11D3-BF4B-00C04F79EFBC}") = "AdventOfCode", "AdventOfCode.csproj", "{C7E09F7B-51DC-4A2C-A577-A3BC910DACF1}"
EndProject
Global
	GlobalSection(SolutionConfigurationPlatforms) = preSolution
		Debug|Any CPU = Debug|Any CPU
		Release|Any CPU = Release|Any CPU
	EndGlobalSection
	GlobalSection(ProjectConfigurationPlatforms) = postSolution
		{C7E09F7B-51DC-4A2C-A577-A3BC910DACF1}.Debug|Any CPU.ActiveCfg = Debug|Any CPU
		{C7E09F7B-51DC-4A2C-A577-A3BC910DACF1}.Debug|Any CPU.Build.0 = Debug|Any CPU
		{C7E09F7B-51DC-4A2C-A577-A3BC910DACF1}.Release|Any CPU.ActiveCfg = Release|Any CPU
		{C7E09F7B-51DC-4A2C-A577-A3BC910DACF1}.Release|Any CPU.Build.0 = Release|Any CPU
	EndGlobalSection
	GlobalSection(SolutionProperties) = preSolution
		HideSolutionNode = FALSE
	EndGlobalSection
	GlobalSection(ExtensibilityGlobals) = postSolution
		SolutionGuid = {AFEC1247-552A-4C9B-9804-E74E85ED7419}
	EndGlobalSection
EndGlobal
